
Microsoft Visual Studio Solution File, Format Version 12.00
# Visual Studio Version 16
VisualStudioVersion = 16.0.30114.105
MinimumVisualStudioVersion = 10.0.40219.1
Project("{FAE04EC0-301F-11D3-BF4B-00C04F79EFBC}") = "JeuDeBatailleTP1", "JeuDeBatailleTP1\JeuDeBatailleTP1.csproj", "{14A798F7-7A9E-4790-8113-601F1745D59D}"
EndProject
Global
	GlobalSection(SolutionConfigurationPlatforms) = preSolution
		Debug|Any CPU = Debug|Any CPU
		Release|Any CPU = Release|Any CPU
	EndGlobalSection
	GlobalSection(ProjectConfigurationPlatforms) = postSolution
		{14A798F7-7A9E-4790-8113-601F1745D59D}.Debug|Any CPU.ActiveCfg = Debug|Any CPU
		{14A798F7-7A9E-4790-8113-601F1745D59D}.Debug|Any CPU.Build.0 = Debug|Any CPU
		{14A798F7-7A9E-4790-8113-601F1745D59D}.Release|Any CPU.ActiveCfg = Release|Any CPU
		{14A798F7-7A9E-4790-8113-601F1745D59D}.Release|Any CPU.Build.0 = Release|Any CPU
	EndGlobalSection
	GlobalSection(SolutionProperties) = preSolution
		HideSolutionNode = FALSE
	EndGlobalSection
	GlobalSection(ExtensibilityGlobals) = postSolution
		SolutionGuid = {D0F875F8-760B-435F-9B07-166CDCC1BE53}
	EndGlobalSection
EndGlobal
